
Microsoft Visual Studio Solution File, Format Version 12.00
# Visual Studio Version 16
VisualStudioVersion = 16.0.31624.102
MinimumVisualStudioVersion = 10.0.40219.1
Project("{8BC9CEB8-8B4A-11D0-8D11-00A0C91BC942}") = "cpp_in_home", "cpp_in_home\cpp_in_home.vcxproj", "{0721F675-398B-4294-BDF1-DC4C18141CFC}"
EndProject
Global
	GlobalSection(SolutionConfigurationPlatforms) = preSolution
		Debug|x64 = Debug|x64
		Debug|x86 = Debug|x86
		Release|x64 = Release|x64
		Release|x86 = Release|x86
	EndGlobalSection
	GlobalSection(ProjectConfigurationPlatforms) = postSolution
		{0721F675-398B-4294-BDF1-DC4C18141CFC}.Debug|x64.ActiveCfg = Debug|x64
		{0721F675-398B-4294-BDF1-DC4C18141CFC}.Debug|x64.Build.0 = Debug|x64
		{0721F675-398B-4294-BDF1-DC4C18141CFC}.Debug|x86.ActiveCfg = Debug|Win32
		{0721F675-398B-4294-BDF1-DC4C18141CFC}.Debug|x86.Build.0 = Debug|Win32
		{0721F675-398B-4294-BDF1-DC4C18141CFC}.Release|x64.ActiveCfg = Release|x64
		{0721F675-398B-4294-BDF1-DC4C18141CFC}.Release|x64.Build.0 = Release|x64
		{0721F675-398B-4294-BDF1-DC4C18141CFC}.Release|x86.ActiveCfg = Release|Win32
		{0721F675-398B-4294-BDF1-DC4C18141CFC}.Release|x86.Build.0 = Release|Win32
	EndGlobalSection
	GlobalSection(SolutionProperties) = preSolution
		HideSolutionNode = FALSE
	EndGlobalSection
	GlobalSection(ExtensibilityGlobals) = postSolution
		SolutionGuid = {8AD26811-4907-4687-98A2-09B5262AB37F}
	EndGlobalSection
EndGlobal
