
Microsoft Visual Studio Solution File, Format Version 12.00
# Visual Studio Version 17
VisualStudioVersion = 17.0.32126.317
MinimumVisualStudioVersion = 10.0.40219.1
Project("{8BC9CEB8-8B4A-11D0-8D11-00A0C91BC942}") = "CPP_programming", "CPP_programming\CPP_programming.vcxproj", "{51E47043-5C60-41E4-B18C-62D8DD90FB6E}"
EndProject
Project("{8BC9CEB8-8B4A-11D0-8D11-00A0C91BC942}") = "CPP_Reference", "CPP_Reference\CPP_Reference.vcxproj", "{F6A34A56-E14A-4A2A-9B21-9EB5AEB49C99}"
EndProject
Project("{8BC9CEB8-8B4A-11D0-8D11-00A0C91BC942}") = "class", "class\class.vcxproj", "{015E07DF-6565-418E-9EE5-F177D0B253F4}"
EndProject
Project("{8BC9CEB8-8B4A-11D0-8D11-00A0C91BC942}") = "class_module", "class_module\class_module.vcxproj", "{78B91FFD-D426-4F18-90C0-288A749C4EB6}"
EndProject
Global
	GlobalSection(SolutionConfigurationPlatforms) = preSolution
		Debug|x64 = Debug|x64
		Debug|x86 = Debug|x86
		Release|x64 = Release|x64
		Release|x86 = Release|x86
	EndGlobalSection
	GlobalSection(ProjectConfigurationPlatforms) = postSolution
		{51E47043-5C60-41E4-B18C-62D8DD90FB6E}.Debug|x64.ActiveCfg = Debug|x64
		{51E47043-5C60-41E4-B18C-62D8DD90FB6E}.Debug|x64.Build.0 = Debug|x64
		{51E47043-5C60-41E4-B18C-62D8DD90FB6E}.Debug|x86.ActiveCfg = Debug|Win32
		{51E47043-5C60-41E4-B18C-62D8DD90FB6E}.Debug|x86.Build.0 = Debug|Win32
		{51E47043-5C60-41E4-B18C-62D8DD90FB6E}.Release|x64.ActiveCfg = Release|x64
		{51E47043-5C60-41E4-B18C-62D8DD90FB6E}.Release|x64.Build.0 = Release|x64
		{51E47043-5C60-41E4-B18C-62D8DD90FB6E}.Release|x86.ActiveCfg = Release|Win32
		{51E47043-5C60-41E4-B18C-62D8DD90FB6E}.Release|x86.Build.0 = Release|Win32
		{F6A34A56-E14A-4A2A-9B21-9EB5AEB49C99}.Debug|x64.ActiveCfg = Debug|x64
		{F6A34A56-E14A-4A2A-9B21-9EB5AEB49C99}.Debug|x64.Build.0 = Debug|x64
		{F6A34A56-E14A-4A2A-9B21-9EB5AEB49C99}.Debug|x86.ActiveCfg = Debug|Win32
		{F6A34A56-E14A-4A2A-9B21-9EB5AEB49C99}.Debug|x86.Build.0 = Debug|Win32
		{F6A34A56-E14A-4A2A-9B21-9EB5AEB49C99}.Release|x64.ActiveCfg = Release|x64
		{F6A34A56-E14A-4A2A-9B21-9EB5AEB49C99}.Release|x64.Build.0 = Release|x64
		{F6A34A56-E14A-4A2A-9B21-9EB5AEB49C99}.Release|x86.ActiveCfg = Release|Win32
		{F6A34A56-E14A-4A2A-9B21-9EB5AEB49C99}.Release|x86.Build.0 = Release|Win32
		{015E07DF-6565-418E-9EE5-F177D0B253F4}.Debug|x64.ActiveCfg = Debug|x64
		{015E07DF-6565-418E-9EE5-F177D0B253F4}.Debug|x64.Build.0 = Debug|x64
		{015E07DF-6565-418E-9EE5-F177D0B253F4}.Debug|x86.ActiveCfg = Debug|Win32
		{015E07DF-6565-418E-9EE5-F177D0B253F4}.Debug|x86.Build.0 = Debug|Win32
		{015E07DF-6565-418E-9EE5-F177D0B253F4}.Release|x64.ActiveCfg = Release|x64
		{015E07DF-6565-418E-9EE5-F177D0B253F4}.Release|x64.Build.0 = Release|x64
		{015E07DF-6565-418E-9EE5-F177D0B253F4}.Release|x86.ActiveCfg = Release|Win32
		{015E07DF-6565-418E-9EE5-F177D0B253F4}.Release|x86.Build.0 = Release|Win32
		{78B91FFD-D426-4F18-90C0-288A749C4EB6}.Debug|x64.ActiveCfg = Debug|x64
		{78B91FFD-D426-4F18-90C0-288A749C4EB6}.Debug|x64.Build.0 = Debug|x64
		{78B91FFD-D426-4F18-90C0-288A749C4EB6}.Debug|x86.ActiveCfg = Debug|Win32
		{78B91FFD-D426-4F18-90C0-288A749C4EB6}.Debug|x86.Build.0 = Debug|Win32
		{78B91FFD-D426-4F18-90C0-288A749C4EB6}.Release|x64.ActiveCfg = Release|x64
		{78B91FFD-D426-4F18-90C0-288A749C4EB6}.Release|x64.Build.0 = Release|x64
		{78B91FFD-D426-4F18-90C0-288A749C4EB6}.Release|x86.ActiveCfg = Release|Win32
		{78B91FFD-D426-4F18-90C0-288A749C4EB6}.Release|x86.Build.0 = Release|Win32
	EndGlobalSection
	GlobalSection(SolutionProperties) = preSolution
		HideSolutionNode = FALSE
	EndGlobalSection
	GlobalSection(ExtensibilityGlobals) = postSolution
		SolutionGuid = {B203E840-BF7D-4F48-B960-F2850B3FEB1D}
	EndGlobalSection
EndGlobal
