
Microsoft Visual Studio Solution File, Format Version 12.00
# Visual Studio Version 16
VisualStudioVersion = 16.0.31624.102
MinimumVisualStudioVersion = 10.0.40219.1
Project("{8BC9CEB8-8B4A-11D0-8D11-00A0C91BC942}") = "CPP_programming_home", "CPP_programming_home\CPP_programming_home.vcxproj", "{1BBC29F0-F69C-402D-83C0-B71B59DEBD3A}"
EndProject
Project("{8BC9CEB8-8B4A-11D0-8D11-00A0C91BC942}") = "cpp_friend_member", "cpp_friend_member\cpp_friend_member.vcxproj", "{9BAED989-308C-4F24-9F97-3A27B97EABF7}"
EndProject
Project("{8BC9CEB8-8B4A-11D0-8D11-00A0C91BC942}") = "cpp_operation_function", "cpp_operation_function\cpp_operation_function.vcxproj", "{AC6491B8-9150-4A10-8DC0-38FE5FE4B0C6}"
EndProject
Project("{8BC9CEB8-8B4A-11D0-8D11-00A0C91BC942}") = "cpp_operation_function_class_with_basic", "cpp_operation_function_class_with_basic\cpp_operation_function_class_with_basic.vcxproj", "{CDB4E593-920D-4616-A6F3-D18C46859BEF}"
EndProject
Project("{8BC9CEB8-8B4A-11D0-8D11-00A0C91BC942}") = "cpp_inheritance", "cpp_inheritance\cpp_inheritance.vcxproj", "{492558BE-A1EE-453B-9419-543F87D4B520}"
EndProject
Project("{8BC9CEB8-8B4A-11D0-8D11-00A0C91BC942}") = "cpp_multi_inheritance", "cpp_multi_inheritance\cpp_multi_inheritance.vcxproj", "{0A755005-EE72-4B5F-931D-B1B0942C9E34}"
EndProject
Project("{8BC9CEB8-8B4A-11D0-8D11-00A0C91BC942}") = "cpp_virtual_function1", "cpp_virtual_function1\cpp_virtual_function1.vcxproj", "{E0B62476-8B38-4FBA-817E-4517A20A1A69}"
EndProject
Global
	GlobalSection(SolutionConfigurationPlatforms) = preSolution
		Debug|x64 = Debug|x64
		Debug|x86 = Debug|x86
		Release|x64 = Release|x64
		Release|x86 = Release|x86
	EndGlobalSection
	GlobalSection(ProjectConfigurationPlatforms) = postSolution
		{1BBC29F0-F69C-402D-83C0-B71B59DEBD3A}.Debug|x64.ActiveCfg = Debug|x64
		{1BBC29F0-F69C-402D-83C0-B71B59DEBD3A}.Debug|x64.Build.0 = Debug|x64
		{1BBC29F0-F69C-402D-83C0-B71B59DEBD3A}.Debug|x86.ActiveCfg = Debug|Win32
		{1BBC29F0-F69C-402D-83C0-B71B59DEBD3A}.Debug|x86.Build.0 = Debug|Win32
		{1BBC29F0-F69C-402D-83C0-B71B59DEBD3A}.Release|x64.ActiveCfg = Release|x64
		{1BBC29F0-F69C-402D-83C0-B71B59DEBD3A}.Release|x64.Build.0 = Release|x64
		{1BBC29F0-F69C-402D-83C0-B71B59DEBD3A}.Release|x86.ActiveCfg = Release|Win32
		{1BBC29F0-F69C-402D-83C0-B71B59DEBD3A}.Release|x86.Build.0 = Release|Win32
		{9BAED989-308C-4F24-9F97-3A27B97EABF7}.Debug|x64.ActiveCfg = Debug|x64
		{9BAED989-308C-4F24-9F97-3A27B97EABF7}.Debug|x64.Build.0 = Debug|x64
		{9BAED989-308C-4F24-9F97-3A27B97EABF7}.Debug|x86.ActiveCfg = Debug|Win32
		{9BAED989-308C-4F24-9F97-3A27B97EABF7}.Debug|x86.Build.0 = Debug|Win32
		{9BAED989-308C-4F24-9F97-3A27B97EABF7}.Release|x64.ActiveCfg = Release|x64
		{9BAED989-308C-4F24-9F97-3A27B97EABF7}.Release|x64.Build.0 = Release|x64
		{9BAED989-308C-4F24-9F97-3A27B97EABF7}.Release|x86.ActiveCfg = Release|Win32
		{9BAED989-308C-4F24-9F97-3A27B97EABF7}.Release|x86.Build.0 = Release|Win32
		{AC6491B8-9150-4A10-8DC0-38FE5FE4B0C6}.Debug|x64.ActiveCfg = Debug|x64
		{AC6491B8-9150-4A10-8DC0-38FE5FE4B0C6}.Debug|x64.Build.0 = Debug|x64
		{AC6491B8-9150-4A10-8DC0-38FE5FE4B0C6}.Debug|x86.ActiveCfg = Debug|Win32
		{AC6491B8-9150-4A10-8DC0-38FE5FE4B0C6}.Debug|x86.Build.0 = Debug|Win32
		{AC6491B8-9150-4A10-8DC0-38FE5FE4B0C6}.Release|x64.ActiveCfg = Release|x64
		{AC6491B8-9150-4A10-8DC0-38FE5FE4B0C6}.Release|x64.Build.0 = Release|x64
		{AC6491B8-9150-4A10-8DC0-38FE5FE4B0C6}.Release|x86.ActiveCfg = Release|Win32
		{AC6491B8-9150-4A10-8DC0-38FE5FE4B0C6}.Release|x86.Build.0 = Release|Win32
		{CDB4E593-920D-4616-A6F3-D18C46859BEF}.Debug|x64.ActiveCfg = Debug|x64
		{CDB4E593-920D-4616-A6F3-D18C46859BEF}.Debug|x64.Build.0 = Debug|x64
		{CDB4E593-920D-4616-A6F3-D18C46859BEF}.Debug|x86.ActiveCfg = Debug|Win32
		{CDB4E593-920D-4616-A6F3-D18C46859BEF}.Debug|x86.Build.0 = Debug|Win32
		{CDB4E593-920D-4616-A6F3-D18C46859BEF}.Release|x64.ActiveCfg = Release|x64
		{CDB4E593-920D-4616-A6F3-D18C46859BEF}.Release|x64.Build.0 = Release|x64
		{CDB4E593-920D-4616-A6F3-D18C46859BEF}.Release|x86.ActiveCfg = Release|Win32
		{CDB4E593-920D-4616-A6F3-D18C46859BEF}.Release|x86.Build.0 = Release|Win32
		{492558BE-A1EE-453B-9419-543F87D4B520}.Debug|x64.ActiveCfg = Debug|x64
		{492558BE-A1EE-453B-9419-543F87D4B520}.Debug|x64.Build.0 = Debug|x64
		{492558BE-A1EE-453B-9419-543F87D4B520}.Debug|x86.ActiveCfg = Debug|Win32
		{492558BE-A1EE-453B-9419-543F87D4B520}.Debug|x86.Build.0 = Debug|Win32
		{492558BE-A1EE-453B-9419-543F87D4B520}.Release|x64.ActiveCfg = Release|x64
		{492558BE-A1EE-453B-9419-543F87D4B520}.Release|x64.Build.0 = Release|x64
		{492558BE-A1EE-453B-9419-543F87D4B520}.Release|x86.ActiveCfg = Release|Win32
		{492558BE-A1EE-453B-9419-543F87D4B520}.Release|x86.Build.0 = Release|Win32
		{0A755005-EE72-4B5F-931D-B1B0942C9E34}.Debug|x64.ActiveCfg = Debug|x64
		{0A755005-EE72-4B5F-931D-B1B0942C9E34}.Debug|x64.Build.0 = Debug|x64
		{0A755005-EE72-4B5F-931D-B1B0942C9E34}.Debug|x86.ActiveCfg = Debug|Win32
		{0A755005-EE72-4B5F-931D-B1B0942C9E34}.Debug|x86.Build.0 = Debug|Win32
		{0A755005-EE72-4B5F-931D-B1B0942C9E34}.Release|x64.ActiveCfg = Release|x64
		{0A755005-EE72-4B5F-931D-B1B0942C9E34}.Release|x64.Build.0 = Release|x64
		{0A755005-EE72-4B5F-931D-B1B0942C9E34}.Release|x86.ActiveCfg = Release|Win32
		{0A755005-EE72-4B5F-931D-B1B0942C9E34}.Release|x86.Build.0 = Release|Win32
		{E0B62476-8B38-4FBA-817E-4517A20A1A69}.Debug|x64.ActiveCfg = Debug|x64
		{E0B62476-8B38-4FBA-817E-4517A20A1A69}.Debug|x64.Build.0 = Debug|x64
		{E0B62476-8B38-4FBA-817E-4517A20A1A69}.Debug|x86.ActiveCfg = Debug|Win32
		{E0B62476-8B38-4FBA-817E-4517A20A1A69}.Debug|x86.Build.0 = Debug|Win32
		{E0B62476-8B38-4FBA-817E-4517A20A1A69}.Release|x64.ActiveCfg = Release|x64
		{E0B62476-8B38-4FBA-817E-4517A20A1A69}.Release|x64.Build.0 = Release|x64
		{E0B62476-8B38-4FBA-817E-4517A20A1A69}.Release|x86.ActiveCfg = Release|Win32
		{E0B62476-8B38-4FBA-817E-4517A20A1A69}.Release|x86.Build.0 = Release|Win32
	EndGlobalSection
	GlobalSection(SolutionProperties) = preSolution
		HideSolutionNode = FALSE
	EndGlobalSection
	GlobalSection(ExtensibilityGlobals) = postSolution
		SolutionGuid = {8CE6540D-9C0E-42E3-BAD7-1757FDA0BEAC}
	EndGlobalSection
EndGlobal
